
Microsoft Visual Studio Solution File, Format Version 12.00
# Visual Studio 15
VisualStudioVersion = 15.0.28010.2003
MinimumVisualStudioVersion = 10.0.40219.1
Project("{FAE04EC0-301F-11D3-BF4B-00C04F79EFBC}") = "1714jlindahl2f", "jlindahl2f\1714jlindahl2f.csproj", "{74E68F4A-1753-484E-807A-5A89016F0784}"
EndProject
Project("{FAE04EC0-301F-11D3-BF4B-00C04F79EFBC}") = "1714jlindahl2G", "1714jlindahl2G\1714jlindahl2G.csproj", "{7A4719ED-E645-41DB-AE2D-1A61233C3676}"
EndProject
Global
	GlobalSection(SolutionConfigurationPlatforms) = preSolution
		Debug|Any CPU = Debug|Any CPU
		Release|Any CPU = Release|Any CPU
	EndGlobalSection
	GlobalSection(ProjectConfigurationPlatforms) = postSolution
		{74E68F4A-1753-484E-807A-5A89016F0784}.Debug|Any CPU.ActiveCfg = Debug|Any CPU
		{74E68F4A-1753-484E-807A-5A89016F0784}.Debug|Any CPU.Build.0 = Debug|Any CPU
		{74E68F4A-1753-484E-807A-5A89016F0784}.Release|Any CPU.ActiveCfg = Release|Any CPU
		{74E68F4A-1753-484E-807A-5A89016F0784}.Release|Any CPU.Build.0 = Release|Any CPU
		{7A4719ED-E645-41DB-AE2D-1A61233C3676}.Debug|Any CPU.ActiveCfg = Debug|Any CPU
		{7A4719ED-E645-41DB-AE2D-1A61233C3676}.Debug|Any CPU.Build.0 = Debug|Any CPU
		{7A4719ED-E645-41DB-AE2D-1A61233C3676}.Release|Any CPU.ActiveCfg = Release|Any CPU
		{7A4719ED-E645-41DB-AE2D-1A61233C3676}.Release|Any CPU.Build.0 = Release|Any CPU
	EndGlobalSection
	GlobalSection(SolutionProperties) = preSolution
		HideSolutionNode = FALSE
	EndGlobalSection
	GlobalSection(ExtensibilityGlobals) = postSolution
		SolutionGuid = {BA0E8BAF-487E-4E69-A8FF-BC362900D89D}
	EndGlobalSection
EndGlobal
